
Microsoft Visual Studio Solution File, Format Version 12.00
# Visual Studio 15
VisualStudioVersion = 15.0.26228.9
MinimumVisualStudioVersion = 10.0.40219.1
Project("{9A19103F-16F7-4668-BE54-9A1E7A4F7556}") = "ChocoPacker.SevenZip", "ChocoPacker.SevenZip\ChocoPacker.SevenZip.csproj", "{182BEBC1-3114-4F22-B61F-23364244E634}"
EndProject
Project("{9A19103F-16F7-4668-BE54-9A1E7A4F7556}") = "ChocoPacker.SevenZip.Tests", "ChocoPacker.SevenZip.Tests\ChocoPacker.SevenZip.Tests.csproj", "{9B7E1F42-0032-4FEB-B8EA-87D2A6994C39}"
EndProject
Global
	GlobalSection(SolutionConfigurationPlatforms) = preSolution
		Debug|Any CPU = Debug|Any CPU
		Release|Any CPU = Release|Any CPU
	EndGlobalSection
	GlobalSection(ProjectConfigurationPlatforms) = postSolution
		{182BEBC1-3114-4F22-B61F-23364244E634}.Debug|Any CPU.ActiveCfg = Debug|Any CPU
		{182BEBC1-3114-4F22-B61F-23364244E634}.Debug|Any CPU.Build.0 = Debug|Any CPU
		{182BEBC1-3114-4F22-B61F-23364244E634}.Release|Any CPU.ActiveCfg = Release|Any CPU
		{182BEBC1-3114-4F22-B61F-23364244E634}.Release|Any CPU.Build.0 = Release|Any CPU
		{9B7E1F42-0032-4FEB-B8EA-87D2A6994C39}.Debug|Any CPU.ActiveCfg = Debug|Any CPU
		{9B7E1F42-0032-4FEB-B8EA-87D2A6994C39}.Debug|Any CPU.Build.0 = Debug|Any CPU
		{9B7E1F42-0032-4FEB-B8EA-87D2A6994C39}.Release|Any CPU.ActiveCfg = Release|Any CPU
		{9B7E1F42-0032-4FEB-B8EA-87D2A6994C39}.Release|Any CPU.Build.0 = Release|Any CPU
	EndGlobalSection
	GlobalSection(SolutionProperties) = preSolution
		HideSolutionNode = FALSE
	EndGlobalSection
EndGlobal
